
Microsoft Visual Studio Solution File, Format Version 12.00
# Visual Studio Version 17
VisualStudioVersion = 17.5.002.0
MinimumVisualStudioVersion = 10.0.40219.1
Project("{9A19103F-16F7-4668-BE54-9A1E7A4F7556}") = "Api", "Api.csproj", "{199909B3-185E-4521-80C8-43A7749562EF}"
EndProject
Global
	GlobalSection(SolutionConfigurationPlatforms) = preSolution
		Debug|Any CPU = Debug|Any CPU
		Release|Any CPU = Release|Any CPU
	EndGlobalSection
	GlobalSection(ProjectConfigurationPlatforms) = postSolution
		{199909B3-185E-4521-80C8-43A7749562EF}.Debug|Any CPU.ActiveCfg = Debug|Any CPU
		{199909B3-185E-4521-80C8-43A7749562EF}.Debug|Any CPU.Build.0 = Debug|Any CPU
		{199909B3-185E-4521-80C8-43A7749562EF}.Release|Any CPU.ActiveCfg = Release|Any CPU
		{199909B3-185E-4521-80C8-43A7749562EF}.Release|Any CPU.Build.0 = Release|Any CPU
	EndGlobalSection
	GlobalSection(SolutionProperties) = preSolution
		HideSolutionNode = FALSE
	EndGlobalSection
	GlobalSection(ExtensibilityGlobals) = postSolution
		SolutionGuid = {EC22F30B-747E-48FA-8357-394EDB12357B}
	EndGlobalSection
EndGlobal
